{
  "name": "emoji_search",
  "version": "1.0.0",
  "lockfileVersion": 1,
  "requires": true,
  "dependencies": {
    "@types/emojione": {
      "version": "2.2.1",
      "resolved": "https://registry.npmjs.org/@types/emojione/-/emojione-2.2.1.tgz",
      "integrity": "sha1-ZZlveTBVGEsxvb3+c/wr//GFNuU="
    },
    "emojione": {
      "version": "3.1.2",
      "resolved": "https://registry.npmjs.org/emojione/-/emojione-3.1.2.tgz",
      "integrity": "sha1-mR4wyA20sc8V6ssldiCn7c6cbvQ="
    },
    "typescript": {
      "version": "2.4.2",
      "resolved": "https://registry.npmjs.org/typescript/-/typescript-2.4.2.tgz",
      "integrity": "sha1-+DlfhdRZJ2BnyYiqQYN6j4KHCEQ=",
      "dev": true
    }
  }
}
